
Microsoft Visual Studio Solution File, Format Version 12.00
# Visual Studio Version 17
VisualStudioVersion = 17.0.31825.309
MinimumVisualStudioVersion = 10.0.40219.1
Project("{8BC9CEB8-8B4A-11D0-8D11-00A0C91BC942}") = "tic-tac-toe-test", "tic-tac-toe-test.vcxproj", "{EEE54CF8-4E7B-43DC-8CFD-3A1DC9BE4B1A}"
EndProject
Global
	GlobalSection(SolutionConfigurationPlatforms) = preSolution
		Debug|x64 = Debug|x64
		Debug|x86 = Debug|x86
		Release|x64 = Release|x64
		Release|x86 = Release|x86
	EndGlobalSection
	GlobalSection(ProjectConfigurationPlatforms) = postSolution
		{EEE54CF8-4E7B-43DC-8CFD-3A1DC9BE4B1A}.Debug|x64.ActiveCfg = Debug|x64
		{EEE54CF8-4E7B-43DC-8CFD-3A1DC9BE4B1A}.Debug|x64.Build.0 = Debug|x64
		{EEE54CF8-4E7B-43DC-8CFD-3A1DC9BE4B1A}.Debug|x86.ActiveCfg = Debug|Win32
		{EEE54CF8-4E7B-43DC-8CFD-3A1DC9BE4B1A}.Debug|x86.Build.0 = Debug|Win32
		{EEE54CF8-4E7B-43DC-8CFD-3A1DC9BE4B1A}.Release|x64.ActiveCfg = Release|x64
		{EEE54CF8-4E7B-43DC-8CFD-3A1DC9BE4B1A}.Release|x64.Build.0 = Release|x64
		{EEE54CF8-4E7B-43DC-8CFD-3A1DC9BE4B1A}.Release|x86.ActiveCfg = Release|Win32
		{EEE54CF8-4E7B-43DC-8CFD-3A1DC9BE4B1A}.Release|x86.Build.0 = Release|Win32
	EndGlobalSection
	GlobalSection(SolutionProperties) = preSolution
		HideSolutionNode = FALSE
	EndGlobalSection
	GlobalSection(ExtensibilityGlobals) = postSolution
		SolutionGuid = {617EF168-4F4F-4E28-8EE6-D864C5501251}
	EndGlobalSection
EndGlobal
